
Microsoft Visual Studio Solution File, Format Version 12.00
Project("{FAE04EC0-301F-11D3-BF4B-00C04F79EFBC}") = "App", "App\App.csproj", "{1FE224BA-9688-4C9B-ACC5-D29E21A15DFA}"
EndProject
Project("{2150E333-8FDC-42A3-9474-1A3956D46DE8}") = "src", "src", "{7B809F32-8124-45DE-A49E-210AD68341B1}"
EndProject
Project("{FAE04EC0-301F-11D3-BF4B-00C04F79EFBC}") = "Emulation", "Emulation\Emulation.csproj", "{E9C4F0CA-40C7-45E0-A6EB-6022F47F2049}"
EndProject
Project("{FAE04EC0-301F-11D3-BF4B-00C04F79EFBC}") = "GameBoy", "GameBoy\GameBoy.csproj", "{7F6D88A5-CEB9-4D3C-99EF-3812D36AA104}"
EndProject
Global
	GlobalSection(SolutionConfigurationPlatforms) = preSolution
		Debug|Any CPU = Debug|Any CPU
		Release|Any CPU = Release|Any CPU
	EndGlobalSection
	GlobalSection(ProjectConfigurationPlatforms) = postSolution
		{1FE224BA-9688-4C9B-ACC5-D29E21A15DFA}.Debug|Any CPU.ActiveCfg = Debug|Any CPU
		{1FE224BA-9688-4C9B-ACC5-D29E21A15DFA}.Debug|Any CPU.Build.0 = Debug|Any CPU
		{1FE224BA-9688-4C9B-ACC5-D29E21A15DFA}.Release|Any CPU.ActiveCfg = Release|Any CPU
		{1FE224BA-9688-4C9B-ACC5-D29E21A15DFA}.Release|Any CPU.Build.0 = Release|Any CPU
		{E9C4F0CA-40C7-45E0-A6EB-6022F47F2049}.Debug|Any CPU.ActiveCfg = Debug|Any CPU
		{E9C4F0CA-40C7-45E0-A6EB-6022F47F2049}.Debug|Any CPU.Build.0 = Debug|Any CPU
		{E9C4F0CA-40C7-45E0-A6EB-6022F47F2049}.Release|Any CPU.ActiveCfg = Release|Any CPU
		{E9C4F0CA-40C7-45E0-A6EB-6022F47F2049}.Release|Any CPU.Build.0 = Release|Any CPU
		{7F6D88A5-CEB9-4D3C-99EF-3812D36AA104}.Debug|Any CPU.ActiveCfg = Debug|Any CPU
		{7F6D88A5-CEB9-4D3C-99EF-3812D36AA104}.Debug|Any CPU.Build.0 = Debug|Any CPU
		{7F6D88A5-CEB9-4D3C-99EF-3812D36AA104}.Release|Any CPU.ActiveCfg = Release|Any CPU
		{7F6D88A5-CEB9-4D3C-99EF-3812D36AA104}.Release|Any CPU.Build.0 = Release|Any CPU
	EndGlobalSection
	GlobalSection(NestedProjects) = preSolution
		{1FE224BA-9688-4C9B-ACC5-D29E21A15DFA} = {7B809F32-8124-45DE-A49E-210AD68341B1}
		{E9C4F0CA-40C7-45E0-A6EB-6022F47F2049} = {7B809F32-8124-45DE-A49E-210AD68341B1}
		{7F6D88A5-CEB9-4D3C-99EF-3812D36AA104} = {7B809F32-8124-45DE-A49E-210AD68341B1}
	EndGlobalSection
EndGlobal
